
Microsoft Visual Studio Solution File, Format Version 12.00
# Visual Studio Version 17
VisualStudioVersion = 17.11.35208.52
MinimumVisualStudioVersion = 10.0.40219.1
Project("{FAE04EC0-301F-11D3-BF4B-00C04F79EFBC}") = "HuniePopArchipelagoClient", "HuniePopArchipelagoClient\HuniePopArchipelagoClient.csproj", "{A1873BFA-DA9E-4CE9-B419-C1163692668E}"
EndProject
Global
	GlobalSection(SolutionConfigurationPlatforms) = preSolution
		Debug|Any CPU = Debug|Any CPU
		Release|Any CPU = Release|Any CPU
	EndGlobalSection
	GlobalSection(ProjectConfigurationPlatforms) = postSolution
		{A1873BFA-DA9E-4CE9-B419-C1163692668E}.Debug|Any CPU.ActiveCfg = Debug|Any CPU
		{A1873BFA-DA9E-4CE9-B419-C1163692668E}.Debug|Any CPU.Build.0 = Debug|Any CPU
		{A1873BFA-DA9E-4CE9-B419-C1163692668E}.Release|Any CPU.ActiveCfg = Release|Any CPU
		{A1873BFA-DA9E-4CE9-B419-C1163692668E}.Release|Any CPU.Build.0 = Release|Any CPU
	EndGlobalSection
	GlobalSection(SolutionProperties) = preSolution
		HideSolutionNode = FALSE
	EndGlobalSection
	GlobalSection(ExtensibilityGlobals) = postSolution
		SolutionGuid = {11800DC0-6D35-4906-BC34-B849415028FA}
	EndGlobalSection
EndGlobal
